// !$*UTF8*$!
{
	archiveVersion = 1;
	classes = {
	};
	objectVersion = 46;
	objects = {

/* Begin PBXBuildFile section */
		48B533571E49D4C600AB9115 /* main.m in Sources */ = {isa = PBXBuildFile; fileRef = 48B533561E49D4C600AB9115 /* main.m */; };
		48B5335A1E49D4C600AB9115 /* AppDelegate.m in Sources */ = {isa = PBXBuildFile; fileRef = 48B533591E49D4C600AB9115 /* AppDelegate.m */; };
		48B5335D1E49D4C600AB9115 /* ViewController.m in Sources */ = {isa = PBXBuildFile; fileRef = 48B5335C1E49D4C600AB9115 /* ViewController.m */; };
		48B533601E49D4C600AB9115 /* Main.storyboard in Resources */ = {isa = PBXBuildFile; fileRef = 48B5335E1E49D4C600AB9115 /* Main.storyboard */; };
		48B533621E49D4C600AB9115 /* Assets.xcassets in Resources */ = {isa = PBXBuildFile; fileRef = 48B533611E49D4C600AB9115 /* Assets.xcassets */; };
		48B533651E49D4C600AB9115 /* LaunchScreen.storyboard in Resources */ = {isa = PBXBuildFile; fileRef = 48B533631E49D4C600AB9115 /* LaunchScreen.storyboard */; };
		48B5336E1E49E21E00AB9115 /* Person.m in Sources */ = {isa = PBXBuildFile; fileRef = 48B5336D1E49E21E00AB9115 /* Person.m */; };
		48B5337C1E49E99600AB9115 /* FMDatabase.m in Sources */ = {isa = PBXBuildFile; fileRef = 48B533711E49E99600AB9115 /* FMDatabase.m */; };
		48B5337D1E49E99600AB9115 /* FMDatabaseAdditions.m in Sources */ = {isa = PBXBuildFile; fileRef = 48B533731E49E99600AB9115 /* FMDatabaseAdditions.m */; };
		48B5337E1E49E99600AB9115 /* FMDatabasePool.m in Sources */ = {isa = PBXBuildFile; fileRef = 48B533751E49E99600AB9115 /* FMDatabasePool.m */; };
		48B5337F1E49E99600AB9115 /* FMDatabaseQueue.m in Sources */ = {isa = PBXBuildFile; fileRef = 48B533771E49E99600AB9115 /* FMDatabaseQueue.m */; };
		48B533801E49E99600AB9115 /* FMResultSet.m in Sources */ = {isa = PBXBuildFile; fileRef = 48B5337A1E49E99600AB9115 /* FMResultSet.m */; };
		48B533811E49E99600AB9115 /* Info.plist in Resources */ = {isa = PBXBuildFile; fileRef = 48B5337B1E49E99600AB9115 /* Info.plist */; };
		48B533841E49E9B700AB9115 /* libsqlite3.tbd in Frameworks */ = {isa = PBXBuildFile; fileRef = 48B533831E49E9B700AB9115 /* libsqlite3.tbd */; };
/* End PBXBuildFile section */

/* Begin PBXFileReference section */
		48B533521E49D4C600AB9115 /* DataPersistence.app */ = {isa = PBXFileReference; explicitFileType = wrapper.application; includeInIndex = 0; path = DataPersistence.app; sourceTree = BUILT_PRODUCTS_DIR; };
		48B533561E49D4C600AB9115 /* main.m */ = {isa = PBXFileReference; lastKnownFileType = sourcecode.c.objc; path = main.m; sourceTree = "<group>"; };
		48B533581E49D4C600AB9115 /* AppDelegate.h */ = {isa = PBXFileReference; lastKnownFileType = sourcecode.c.h; path = AppDelegate.h; sourceTree = "<group>"; };
		48B533591E49D4C600AB9115 /* AppDelegate.m */ = {isa = PBXFileReference; lastKnownFileType = sourcecode.c.objc; path = AppDelegate.m; sourceTree = "<group>"; };
		48B5335B1E49D4C600AB9115 /* ViewController.h */ = {isa = PBXFileReference; lastKnownFileType = sourcecode.c.h; path = ViewController.h; sourceTree = "<group>"; };
		48B5335C1E49D4C600AB9115 /* ViewController.m */ = {isa = PBXFileReference; lastKnownFileType = sourcecode.c.objc; path = ViewController.m; sourceTree = "<group>"; };
		48B5335F1E49D4C600AB9115 /* Base */ = {isa = PBXFileReference; lastKnownFileType = file.storyboard; name = Base; path = Base.lproj/Main.storyboard; sourceTree = "<group>"; };
		48B533611E49D4C600AB9115 /* Assets.xcassets */ = {isa = PBXFileReference; lastKnownFileType = folder.assetcatalog; path = Assets.xcassets; sourceTree = "<group>"; };
		48B533641E49D4C600AB9115 /* Base */ = {isa = PBXFileReference; lastKnownFileType = file.storyboard; name = Base; path = Base.lproj/LaunchScreen.storyboard; sourceTree = "<group>"; };
		48B533661E49D4C600AB9115 /* Info.plist */ = {isa = PBXFileReference; lastKnownFileType = text.plist.xml; path = Info.plist; sourceTree = "<group>"; };
		48B5336C1E49E21E00AB9115 /* Person.h */ = {isa = PBXFileReference; fileEncoding = 4; lastKnownFileType = sourcecode.c.h; path = Person.h; sourceTree = "<group>"; };
		48B5336D1E49E21E00AB9115 /* Person.m */ = {isa = PBXFileReference; fileEncoding = 4; lastKnownFileType = sourcecode.c.objc; path = Person.m; sourceTree = "<group>"; };
		48B533701E49E99600AB9115 /* FMDatabase.h */ = {isa = PBXFileReference; fileEncoding = 4; lastKnownFileType = sourcecode.c.h; path = FMDatabase.h; sourceTree = "<group>"; };
		48B533711E49E99600AB9115 /* FMDatabase.m */ = {isa = PBXFileReference; fileEncoding = 4; lastKnownFileType = sourcecode.c.objc; path = FMDatabase.m; sourceTree = "<group>"; };
		48B533721E49E99600AB9115 /* FMDatabaseAdditions.h */ = {isa = PBXFileReference; fileEncoding = 4; lastKnownFileType = sourcecode.c.h; path = FMDatabaseAdditions.h; sourceTree = "<group>"; };
		48B533731E49E99600AB9115 /* FMDatabaseAdditions.m */ = {isa = PBXFileReference; fileEncoding = 4; lastKnownFileType = sourcecode.c.objc; path = FMDatabaseAdditions.m; sourceTree = "<group>"; };
		48B533741E49E99600AB9115 /* FMDatabasePool.h */ = {isa = PBXFileReference; fileEncoding = 4; lastKnownFileType = sourcecode.c.h; path = FMDatabasePool.h; sourceTree = "<group>"; };
		48B533751E49E99600AB9115 /* FMDatabasePool.m */ = {isa = PBXFileReference; fileEncoding = 4; lastKnownFileType = sourcecode.c.objc; path = FMDatabasePool.m; sourceTree = "<group>"; };
		48B533761E49E99600AB9115 /* FMDatabaseQueue.h */ = {isa = PBXFileReference; fileEncoding = 4; lastKnownFileType = sourcecode.c.h; path = FMDatabaseQueue.h; sourceTree = "<group>"; };
		48B533771E49E99600AB9115 /* FMDatabaseQueue.m */ = {isa = PBXFileReference; fileEncoding = 4; lastKnownFileType = sourcecode.c.objc; path = FMDatabaseQueue.m; sourceTree = "<group>"; };
		48B533781E49E99600AB9115 /* FMDB.h */ = {isa = PBXFileReference; fileEncoding = 4; lastKnownFileType = sourcecode.c.h; path = FMDB.h; sourceTree = "<group>"; };
		48B533791E49E99600AB9115 /* FMResultSet.h */ = {isa = PBXFileReference; fileEncoding = 4; lastKnownFileType = sourcecode.c.h; path = FMResultSet.h; sourceTree = "<group>"; };
		48B5337A1E49E99600AB9115 /* FMResultSet.m */ = {isa = PBXFileReference; fileEncoding = 4; lastKnownFileType = sourcecode.c.objc; path = FMResultSet.m; sourceTree = "<group>"; };
		48B5337B1E49E99600AB9115 /* Info.plist */ = {isa = PBXFileReference; fileEncoding = 4; lastKnownFileType = text.plist.xml; path = Info.plist; sourceTree = "<group>"; };
		48B533831E49E9B700AB9115 /* libsqlite3.tbd */ = {isa = PBXFileReference; lastKnownFileType = "sourcecode.text-based-dylib-definition"; name = libsqlite3.tbd; path = usr/lib/libsqlite3.tbd; sourceTree = SDKROOT; };
/* End PBXFileReference section */

/* Begin PBXFrameworksBuildPhase section */
		48B5334F1E49D4C600AB9115 /* Frameworks */ = {
			isa = PBXFrameworksBuildPhase;
			buildActionMask = 2147483647;
			files = (
				48B533841E49E9B700AB9115 /* libsqlite3.tbd in Frameworks */,
			);
			runOnlyForDeploymentPostprocessing = 0;
		};
/* End PBXFrameworksBuildPhase section */

/* Begin PBXGroup section */
		48B533491E49D4C600AB9115 = {
			isa = PBXGroup;
			children = (
				48B533541E49D4C600AB9115 /* DataPersistence */,
				48B533531E49D4C600AB9115 /* Products */,
				48B533821E49E9B600AB9115 /* Frameworks */,
			);
			sourceTree = "<group>";
		};
		48B533531E49D4C600AB9115 /* Products */ = {
			isa = PBXGroup;
			children = (
				48B533521E49D4C600AB9115 /* DataPersistence.app */,
			);
			name = Products;
			sourceTree = "<group>";
		};
		48B533541E49D4C600AB9115 /* DataPersistence */ = {
			isa = PBXGroup;
			children = (
				48B5336F1E49E99600AB9115 /* fmdb */,
				48B533581E49D4C600AB9115 /* AppDelegate.h */,
				48B533591E49D4C600AB9115 /* AppDelegate.m */,
				48B5335B1E49D4C600AB9115 /* ViewController.h */,
				48B5335C1E49D4C600AB9115 /* ViewController.m */,
				48B5336C1E49E21E00AB9115 /* Person.h */,
				48B5336D1E49E21E00AB9115 /* Person.m */,
				48B5335E1E49D4C600AB9115 /* Main.storyboard */,
				48B533611E49D4C600AB9115 /* Assets.xcassets */,
				48B533631E49D4C600AB9115 /* LaunchScreen.storyboard */,
				48B533661E49D4C600AB9115 /* Info.plist */,
				48B533551E49D4C600AB9115 /* Supporting Files */,
			);
			path = DataPersistence;
			sourceTree = "<group>";
		};
		48B533551E49D4C600AB9115 /* Supporting Files */ = {
			isa = PBXGroup;
			children = (
				48B533561E49D4C600AB9115 /* main.m */,
			);
			name = "Supporting Files";
			sourceTree = "<group>";
		};
		48B5336F1E49E99600AB9115 /* fmdb */ = {
			isa = PBXGroup;
			children = (
				48B533701E49E99600AB9115 /* FMDatabase.h */,
				48B533711E49E99600AB9115 /* FMDatabase.m */,
				48B533721E49E99600AB9115 /* FMDatabaseAdditions.h */,
				48B533731E49E99600AB9115 /* FMDatabaseAdditions.m */,
				48B533741E49E99600AB9115 /* FMDatabasePool.h */,
				48B533751E49E99600AB9115 /* FMDatabasePool.m */,
				48B533761E49E99600AB9115 /* FMDatabaseQueue.h */,
				48B533771E49E99600AB9115 /* FMDatabaseQueue.m */,
				48B533781E49E99600AB9115 /* FMDB.h */,
				48B533791E49E99600AB9115 /* FMResultSet.h */,
				48B5337A1E49E99600AB9115 /* FMResultSet.m */,
				48B5337B1E49E99600AB9115 /* Info.plist */,
			);
			path = fmdb;
			sourceTree = "<group>";
		};
		48B533821E49E9B600AB9115 /* Frameworks */ = {
			isa = PBXGroup;
			children = (
				48B533831E49E9B700AB9115 /* libsqlite3.tbd */,
			);
			name = Frameworks;
			sourceTree = "<group>";
		};
/* End PBXGroup section */

/* Begin PBXNativeTarget section */
		48B533511E49D4C600AB9115 /* DataPersistence */ = {
			isa = PBXNativeTarget;
			buildConfigurationList = 48B533691E49D4C600AB9115 /* Build configuration list for PBXNativeTarget "DataPersistence" */;
			buildPhases = (
				48B5334E1E49D4C600AB9115 /* Sources */,
				48B5334F1E49D4C600AB9115 /* Frameworks */,
				48B533501E49D4C600AB9115 /* Resources */,
			);
			buildRules = (
			);
			dependencies = (
			);
			name = DataPersistence;
			productName = DataPersistence;
			productReference = 48B533521E49D4C600AB9115 /* DataPersistence.app */;
			productType = "com.apple.product-type.application";
		};
/* End PBXNativeTarget section */

/* Begin PBXProject section */
		48B5334A1E49D4C600AB9115 /* Project object */ = {
			isa = PBXProject;
			attributes = {
				LastUpgradeCheck = 0820;
				ORGANIZATIONNAME = huangxu;
				TargetAttributes = {
					48B533511E49D4C600AB9115 = {
						CreatedOnToolsVersion = 8.2;
						DevelopmentTeam = A3E6BF6U9P;
						ProvisioningStyle = Automatic;
					};
				};
			};
			buildConfigurationList = 48B5334D1E49D4C600AB9115 /* Build configuration list for PBXProject "DataPersistence" */;
			compatibilityVersion = "Xcode 3.2";
			developmentRegion = English;
			hasScannedForEncodings = 0;
			knownRegions = (
				en,
				Base,
			);
			mainGroup = 48B533491E49D4C600AB9115;
			productRefGroup = 48B533531E49D4C600AB9115 /* Products */;
			projectDirPath = "";
			projectRoot = "";
			targets = (
				48B533511E49D4C600AB9115 /* DataPersistence */,
			);
		};
/* End PBXProject section */

/* Begin PBXResourcesBuildPhase section */
		48B533501E49D4C600AB9115 /* Resources */ = {
			isa = PBXResourcesBuildPhase;
			buildActionMask = 2147483647;
			files = (
				48B533811E49E99600AB9115 /* Info.plist in Resources */,
				48B533651E49D4C600AB9115 /* LaunchScreen.storyboard in Resources */,
				48B533621E49D4C600AB9115 /* Assets.xcassets in Resources */,
				48B533601E49D4C600AB9115 /* Main.storyboard in Resources */,
			);
			runOnlyForDeploymentPostprocessing = 0;
		};
/* End PBXResourcesBuildPhase section */

/* Begin PBXSourcesBuildPhase section */
		48B5334E1E49D4C600AB9115 /* Sources */ = {
			isa = PBXSourcesBuildPhase;
			buildActionMask = 2147483647;
			files = (
				48B5335D1E49D4C600AB9115 /* ViewController.m in Sources */,
				48B5337F1E49E99600AB9115 /* FMDatabaseQueue.m in Sources */,
				48B5335A1E49D4C600AB9115 /* AppDelegate.m in Sources */,
				48B5336E1E49E21E00AB9115 /* Person.m in Sources */,
				48B5337C1E49E99600AB9115 /* FMDatabase.m in Sources */,
				48B5337E1E49E99600AB9115 /* FMDatabasePool.m in Sources */,
				48B533801E49E99600AB9115 /* FMResultSet.m in Sources */,
				48B533571E49D4C600AB9115 /* main.m in Sources */,
				48B5337D1E49E99600AB9115 /* FMDatabaseAdditions.m in Sources */,
			);
			runOnlyForDeploymentPostprocessing = 0;
		};
/* End PBXSourcesBuildPhase section */

/* Begin PBXVariantGroup section */
		48B5335E1E49D4C600AB9115 /* Main.storyboard */ = {
			isa = PBXVariantGroup;
			children = (
				48B5335F1E49D4C600AB9115 /* Base */,
			);
			name = Main.storyboard;
			sourceTree = "<group>";
		};
		48B533631E49D4C600AB9115 /* LaunchScreen.storyboard */ = {
			isa = PBXVariantGroup;
			children = (
				48B533641E49D4C600AB9115 /* Base */,
			);
			name = LaunchScreen.storyboard;
			sourceTree = "<group>";
		};
/* End PBXVariantGroup section */

/* Begin XCBuildConfiguration section */
		48B533671E49D4C600AB9115 /* Debug */ = {
			isa = XCBuildConfiguration;
			buildSettings = {
				ALWAYS_SEARCH_USER_PATHS = NO;
				CLANG_ANALYZER_NONNULL = YES;
				CLANG_CXX_LANGUAGE_STANDARD = "gnu++0x";
				CLANG_CXX_LIBRARY = "libc++";
				CLANG_ENABLE_MODULES = YES;
				CLANG_ENABLE_OBJC_ARC = YES;
				CLANG_WARN_BOOL_CONVERSION = YES;
				CLANG_WARN_CONSTANT_CONVERSION = YES;
				CLANG_WARN_DIRECT_OBJC_ISA_USAGE = YES_ERROR;
				CLANG_WARN_DOCUMENTATION_COMMENTS = YES;
				CLANG_WARN_EMPTY_BODY = YES;
				CLANG_WARN_ENUM_CONVERSION = YES;
				CLANG_WARN_INFINITE_RECURSION = YES;
				CLANG_WARN_INT_CONVERSION = YES;
				CLANG_WARN_OBJC_ROOT_CLASS = YES_ERROR;
				CLANG_WARN_SUSPICIOUS_MOVE = YES;
				CLANG_WARN_UNREACHABLE_CODE = YES;
				CLANG_WARN__DUPLICATE_METHOD_MATCH = YES;
				"CODE_SIGN_IDENTITY[sdk=iphoneos*]" = "iPhone Developer";
				COPY_PHASE_STRIP = NO;
				DEBUG_INFORMATION_FORMAT = dwarf;
				ENABLE_STRICT_OBJC_MSGSEND = YES;
				ENABLE_TESTABILITY = YES;
				GCC_C_LANGUAGE_STANDARD = gnu99;
				GCC_DYNAMIC_NO_PIC = NO;
				GCC_NO_COMMON_BLOCKS = YES;
				GCC_OPTIMIZATION_LEVEL = 0;
				GCC_PREPROCESSOR_DEFINITIONS = (
					"DEBUG=1",
					"$(inherited)",
				);
				GCC_WARN_64_TO_32_BIT_CONVERSION = YES;
				GCC_WARN_ABOUT_RETURN_TYPE = YES_ERROR;
				GCC_WARN_UNDECLARED_SELECTOR = YES;
				GCC_WARN_UNINITIALIZED_AUTOS = YES_AGGRESSIVE;
				GCC_WARN_UNUSED_FUNCTION = YES;
				GCC_WARN_UNUSED_VARIABLE = YES;
				IPHONEOS_DEPLOYMENT_TARGET = 10.2;
				MTL_ENABLE_DEBUG_INFO = YES;
				ONLY_ACTIVE_ARCH = YES;
				SDKROOT = iphoneos;
				TARGETED_DEVICE_FAMILY = "1,2";
			};
			name = Debug;
		};
		48B533681E49D4C600AB9115 /* Release */ = {
			isa = XCBuildConfiguration;
			buildSettings = {
				ALWAYS_SEARCH_USER_PATHS = NO;
				CLANG_ANALYZER_NONNULL = YES;
				CLANG_CXX_LANGUAGE_STANDARD = "gnu++0x";
				CLANG_CXX_LIBRARY = "libc++";
				CLANG_ENABLE_MODULES = YES;
				CLANG_ENABLE_OBJC_ARC = YES;
				CLANG_WARN_BOOL_CONVERSION = YES;
				CLANG_WARN_CONSTANT_CONVERSION = YES;
				CLANG_WARN_DIRECT_OBJC_ISA_USAGE = YES_ERROR;
				CLANG_WARN_DOCUMENTATION_COMMENTS = YES;
				CLANG_WARN_EMPTY_BODY = YES;
				CLANG_WARN_ENUM_CONVERSION = YES;
				CLANG_WARN_INFINITE_RECURSION = YES;
				CLANG_WARN_INT_CONVERSION = YES;
				CLANG_WARN_OBJC_ROOT_CLASS = YES_ERROR;
				CLANG_WARN_SUSPICIOUS_MOVE = YES;
				CLANG_WARN_UNREACHABLE_CODE = YES;
				CLANG_WARN__DUPLICATE_METHOD_MATCH = YES;
				"CODE_SIGN_IDENTITY[sdk=iphoneos*]" = "iPhone Developer";
				COPY_PHASE_STRIP = NO;
				DEBUG_INFORMATION_FORMAT = "dwarf-with-dsym";
				ENABLE_NS_ASSERTIONS = NO;
				ENABLE_STRICT_OBJC_MSGSEND = YES;
				GCC_C_LANGUAGE_STANDARD = gnu99;
				GCC_NO_COMMON_BLOCKS = YES;
				GCC_WARN_64_TO_32_BIT_CONVERSION = YES;
				GCC_WARN_ABOUT_RETURN_TYPE = YES_ERROR;
				GCC_WARN_UNDECLARED_SELECTOR = YES;
				GCC_WARN_UNINITIALIZED_AUTOS = YES_AGGRESSIVE;
				GCC_WARN_UNUSED_FUNCTION = YES;
				GCC_WARN_UNUSED_VARIABLE = YES;
				IPHONEOS_DEPLOYMENT_TARGET = 10.2;
				MTL_ENABLE_DEBUG_INFO = NO;
				SDKROOT = iphoneos;
				TARGETED_DEVICE_FAMILY = "1,2";
				VALIDATE_PRODUCT = YES;
			};
			name = Release;
		};
		48B5336A1E49D4C600AB9115 /* Debug */ = {
			isa = XCBuildConfiguration;
			buildSettings = {
				ASSETCATALOG_COMPILER_APPICON_NAME = AppIcon;
				DEVELOPMENT_TEAM = A3E6BF6U9P;
				INFOPLIST_FILE = DataPersistence/Info.plist;
				LD_RUNPATH_SEARCH_PATHS = "$(inherited) @executable_path/Frameworks";
				PRODUCT_BUNDLE_IDENTIFIER = com.maimairen.DataPersistence;
				PRODUCT_NAME = "$(TARGET_NAME)";
			};
			name = Debug;
		};
		48B5336B1E49D4C600AB9115 /* Release */ = {
			isa = XCBuildConfiguration;
			buildSettings = {
				ASSETCATALOG_COMPILER_APPICON_NAME = AppIcon;
				DEVELOPMENT_TEAM = A3E6BF6U9P;
				INFOPLIST_FILE = DataPersistence/Info.plist;
				LD_RUNPATH_SEARCH_PATHS = "$(inherited) @executable_path/Frameworks";
				PRODUCT_BUNDLE_IDENTIFIER = com.maimairen.DataPersistence;
				PRODUCT_NAME = "$(TARGET_NAME)";
			};
			name = Release;
		};
/* End XCBuildConfiguration section */

/* Begin XCConfigurationList section */
		48B5334D1E49D4C600AB9115 /* Build configuration list for PBXProject "DataPersistence" */ = {
			isa = XCConfigurationList;
			buildConfigurations = (
				48B533671E49D4C600AB9115 /* Debug */,
				48B533681E49D4C600AB9115 /* Release */,
			);
			defaultConfigurationIsVisible = 0;
			defaultConfigurationName = Release;
		};
		48B533691E49D4C600AB9115 /* Build configuration list for PBXNativeTarget "DataPersistence" */ = {
			isa = XCConfigurationList;
			buildConfigurations = (
				48B5336A1E49D4C600AB9115 /* Debug */,
				48B5336B1E49D4C600AB9115 /* Release */,
			);
			defaultConfigurationIsVisible = 0;
		};
/* End XCConfigurationList section */
	};
	rootObject = 48B5334A1E49D4C600AB9115 /* Project object */;
}
